
Microsoft Visual Studio Solution File, Format Version 12.00
# Visual Studio 2012
Project("{FAE04EC0-301F-11D3-BF4B-00C04F79EFBC}") = "ParkSpirit", "ParkSpirit\ParkSpirit.csproj", "{898E9310-549A-4BBF-9E4B-A0C8191E4CCB}"
EndProject
Project("{FAE04EC0-301F-11D3-BF4B-00C04F79EFBC}") = "ParkSpirit.Droid", "Droid\ParkSpirit.Droid.csproj", "{59EF6D3C-11DD-4BC6-BF07-B852EDA64E5A}"
EndProject
Project("{FAE04EC0-301F-11D3-BF4B-00C04F79EFBC}") = "ParkSpirit.IOS", "IOS\ParkSpirit.IOS.csproj", "{61C70A79-5B42-4152-BF54-FAEFB87D6FF5}"
EndProject
Global
	GlobalSection(SolutionConfigurationPlatforms) = preSolution
		Debug|Any CPU = Debug|Any CPU
		Release|Any CPU = Release|Any CPU
		Debug|iPhoneSimulator = Debug|iPhoneSimulator
		Release|iPhone = Release|iPhone
		Release|iPhoneSimulator = Release|iPhoneSimulator
		Debug|iPhone = Debug|iPhone
	EndGlobalSection
	GlobalSection(ProjectConfigurationPlatforms) = postSolution
		{898E9310-549A-4BBF-9E4B-A0C8191E4CCB}.Debug|Any CPU.ActiveCfg = Debug|Any CPU
		{898E9310-549A-4BBF-9E4B-A0C8191E4CCB}.Debug|Any CPU.Build.0 = Debug|Any CPU
		{898E9310-549A-4BBF-9E4B-A0C8191E4CCB}.Release|Any CPU.ActiveCfg = Release|Any CPU
		{898E9310-549A-4BBF-9E4B-A0C8191E4CCB}.Release|Any CPU.Build.0 = Release|Any CPU
		{898E9310-549A-4BBF-9E4B-A0C8191E4CCB}.Debug|iPhoneSimulator.ActiveCfg = Debug|Any CPU
		{898E9310-549A-4BBF-9E4B-A0C8191E4CCB}.Debug|iPhoneSimulator.Build.0 = Debug|Any CPU
		{898E9310-549A-4BBF-9E4B-A0C8191E4CCB}.Release|iPhone.ActiveCfg = Release|Any CPU
		{898E9310-549A-4BBF-9E4B-A0C8191E4CCB}.Release|iPhone.Build.0 = Release|Any CPU
		{898E9310-549A-4BBF-9E4B-A0C8191E4CCB}.Release|iPhoneSimulator.ActiveCfg = Release|Any CPU
		{898E9310-549A-4BBF-9E4B-A0C8191E4CCB}.Release|iPhoneSimulator.Build.0 = Release|Any CPU
		{898E9310-549A-4BBF-9E4B-A0C8191E4CCB}.Debug|iPhone.ActiveCfg = Debug|Any CPU
		{898E9310-549A-4BBF-9E4B-A0C8191E4CCB}.Debug|iPhone.Build.0 = Debug|Any CPU
		{59EF6D3C-11DD-4BC6-BF07-B852EDA64E5A}.Debug|Any CPU.ActiveCfg = Debug|Any CPU
		{59EF6D3C-11DD-4BC6-BF07-B852EDA64E5A}.Debug|Any CPU.Build.0 = Debug|Any CPU
		{59EF6D3C-11DD-4BC6-BF07-B852EDA64E5A}.Release|Any CPU.ActiveCfg = Release|Any CPU
		{59EF6D3C-11DD-4BC6-BF07-B852EDA64E5A}.Release|Any CPU.Build.0 = Release|Any CPU
		{59EF6D3C-11DD-4BC6-BF07-B852EDA64E5A}.Debug|iPhoneSimulator.ActiveCfg = Debug|Any CPU
		{59EF6D3C-11DD-4BC6-BF07-B852EDA64E5A}.Debug|iPhoneSimulator.Build.0 = Debug|Any CPU
		{59EF6D3C-11DD-4BC6-BF07-B852EDA64E5A}.Release|iPhone.ActiveCfg = Release|Any CPU
		{59EF6D3C-11DD-4BC6-BF07-B852EDA64E5A}.Release|iPhone.Build.0 = Release|Any CPU
		{59EF6D3C-11DD-4BC6-BF07-B852EDA64E5A}.Release|iPhoneSimulator.ActiveCfg = Release|Any CPU
		{59EF6D3C-11DD-4BC6-BF07-B852EDA64E5A}.Release|iPhoneSimulator.Build.0 = Release|Any CPU
		{59EF6D3C-11DD-4BC6-BF07-B852EDA64E5A}.Debug|iPhone.ActiveCfg = Debug|Any CPU
		{59EF6D3C-11DD-4BC6-BF07-B852EDA64E5A}.Debug|iPhone.Build.0 = Debug|Any CPU
		{61C70A79-5B42-4152-BF54-FAEFB87D6FF5}.Debug|Any CPU.ActiveCfg = Debug|iPhoneSimulator
		{61C70A79-5B42-4152-BF54-FAEFB87D6FF5}.Debug|Any CPU.Build.0 = Debug|iPhoneSimulator
		{61C70A79-5B42-4152-BF54-FAEFB87D6FF5}.Release|Any CPU.ActiveCfg = Release|iPhone
		{61C70A79-5B42-4152-BF54-FAEFB87D6FF5}.Release|Any CPU.Build.0 = Release|iPhone
		{61C70A79-5B42-4152-BF54-FAEFB87D6FF5}.Debug|iPhoneSimulator.ActiveCfg = Debug|iPhoneSimulator
		{61C70A79-5B42-4152-BF54-FAEFB87D6FF5}.Debug|iPhoneSimulator.Build.0 = Debug|iPhoneSimulator
		{61C70A79-5B42-4152-BF54-FAEFB87D6FF5}.Release|iPhone.ActiveCfg = Release|iPhone
		{61C70A79-5B42-4152-BF54-FAEFB87D6FF5}.Release|iPhone.Build.0 = Release|iPhone
		{61C70A79-5B42-4152-BF54-FAEFB87D6FF5}.Release|iPhoneSimulator.ActiveCfg = Release|iPhoneSimulator
		{61C70A79-5B42-4152-BF54-FAEFB87D6FF5}.Release|iPhoneSimulator.Build.0 = Release|iPhoneSimulator
		{61C70A79-5B42-4152-BF54-FAEFB87D6FF5}.Debug|iPhone.ActiveCfg = Debug|iPhone
		{61C70A79-5B42-4152-BF54-FAEFB87D6FF5}.Debug|iPhone.Build.0 = Debug|iPhone
	EndGlobalSection
EndGlobal
