// !$*UTF8*$!
{
	archiveVersion = 1;
	classes = {
	};
	objectVersion = 46;
	objects = {

/* Begin PBXBuildFile section */
		50143D991DD9FA7D003093FC /* main.m in Sources */ = {isa = PBXBuildFile; fileRef = 50143D981DD9FA7D003093FC /* main.m */; };
		50143D9C1DD9FA7D003093FC /* AppDelegate.m in Sources */ = {isa = PBXBuildFile; fileRef = 50143D9B1DD9FA7D003093FC /* AppDelegate.m */; };
		50143D9F1DD9FA7D003093FC /* ViewController.m in Sources */ = {isa = PBXBuildFile; fileRef = 50143D9E1DD9FA7D003093FC /* ViewController.m */; };
		50143DA21DD9FA7D003093FC /* Main.storyboard in Resources */ = {isa = PBXBuildFile; fileRef = 50143DA01DD9FA7D003093FC /* Main.storyboard */; };
		50143DA41DD9FA7D003093FC /* Assets.xcassets in Resources */ = {isa = PBXBuildFile; fileRef = 50143DA31DD9FA7D003093FC /* Assets.xcassets */; };
		50143DA71DD9FA7D003093FC /* LaunchScreen.storyboard in Resources */ = {isa = PBXBuildFile; fileRef = 50143DA51DD9FA7D003093FC /* LaunchScreen.storyboard */; };
		50143DB01DDA031D003093FC /* MapKit.framework in Frameworks */ = {isa = PBXBuildFile; fileRef = 50143DAF1DDA031D003093FC /* MapKit.framework */; };
		50143DB21DDA039E003093FC /* visual in Resources */ = {isa = PBXBuildFile; fileRef = 50143DB11DDA039E003093FC /* visual */; };
		50143DB51DDA04B3003093FC /* parclist.json in Resources */ = {isa = PBXBuildFile; fileRef = 50143DB41DDA04B3003093FC /* parclist.json */; };
		50143DB71DDA04E1003093FC /* DataManager.m in Sources */ = {isa = PBXBuildFile; fileRef = 50143DB61DDA04E1003093FC /* DataManager.m */; };
		50536D6B1DE5F29C00AEC872 /* Spirit_parc_images.json in Resources */ = {isa = PBXBuildFile; fileRef = 50536D6A1DE5F29C00AEC872 /* Spirit_parc_images.json */; };
		50536D6D1DE5F2A500AEC872 /* Spirit_Images in Resources */ = {isa = PBXBuildFile; fileRef = 50536D6C1DE5F2A500AEC872 /* Spirit_Images */; };
		50C3BDE31DDB843600BC3682 /* PoiAnnotation.m in Sources */ = {isa = PBXBuildFile; fileRef = 50C3BDE21DDB843600BC3682 /* PoiAnnotation.m */; };
		50C3BDE61DDC97C900BC3682 /* POIDetailViewController.m in Sources */ = {isa = PBXBuildFile; fileRef = 50C3BDE51DDC97C900BC3682 /* POIDetailViewController.m */; };
		50C8AC0D1E044150006FCF08 /* POI.png in Resources */ = {isa = PBXBuildFile; fileRef = 50C8AC0C1E044150006FCF08 /* POI.png */; };
		50C8AC101E044225006FCF08 /* SpiritAnnotationView.m in Sources */ = {isa = PBXBuildFile; fileRef = 50C8AC0F1E044225006FCF08 /* SpiritAnnotationView.m */; };
		50D33D6C1DE60FDA0073EE11 /* ParcImages.xcassets in Resources */ = {isa = PBXBuildFile; fileRef = 50D33D6B1DE60FDA0073EE11 /* ParcImages.xcassets */; };
		50D33D831DE663860073EE11 /* Icon-40.png in Resources */ = {isa = PBXBuildFile; fileRef = 50D33D7D1DE663860073EE11 /* Icon-40.png */; };
		50D33D841DE663860073EE11 /* Icon-60.png in Resources */ = {isa = PBXBuildFile; fileRef = 50D33D7E1DE663860073EE11 /* Icon-60.png */; };
		50D33D851DE663860073EE11 /* Icon-60@2x.png in Resources */ = {isa = PBXBuildFile; fileRef = 50D33D7F1DE663860073EE11 /* Icon-60@2x.png */; };
		50D33D861DE663860073EE11 /* Icon-Small.png in Resources */ = {isa = PBXBuildFile; fileRef = 50D33D801DE663860073EE11 /* Icon-Small.png */; };
		50D33D871DE663860073EE11 /* Icon.png in Resources */ = {isa = PBXBuildFile; fileRef = 50D33D811DE663860073EE11 /* Icon.png */; };
		50D33D881DE663860073EE11 /* Icon@2x.png in Resources */ = {isa = PBXBuildFile; fileRef = 50D33D821DE663860073EE11 /* Icon@2x.png */; };
		50D33D911DE666D60073EE11 /* Icon-40@2x.png in Resources */ = {isa = PBXBuildFile; fileRef = 50D33D8F1DE666D60073EE11 /* Icon-40@2x.png */; };
		50D33D921DE666D60073EE11 /* Icon-Small@2x.png in Resources */ = {isa = PBXBuildFile; fileRef = 50D33D901DE666D60073EE11 /* Icon-Small@2x.png */; };
		50F77D9D1DE2163500F41367 /* RequestManager.m in Sources */ = {isa = PBXBuildFile; fileRef = 50F77D9C1DE2163500F41367 /* RequestManager.m */; };
		50F77DA01DE220B600F41367 /* InitDataViewController.m in Sources */ = {isa = PBXBuildFile; fileRef = 50F77D9F1DE220B600F41367 /* InitDataViewController.m */; };
		50F7E6181DE3901A00AB6F68 /* Default-568h@2x.png in Resources */ = {isa = PBXBuildFile; fileRef = 50F7E6171DE3901A00AB6F68 /* Default-568h@2x.png */; };
		50F7E61F1DE3919300AB6F68 /* Default-iPhone6.png in Resources */ = {isa = PBXBuildFile; fileRef = 50F7E61A1DE3919300AB6F68 /* Default-iPhone6.png */; };
		50F7E6201DE3919300AB6F68 /* Default-iPhone6Plus.png in Resources */ = {isa = PBXBuildFile; fileRef = 50F7E61B1DE3919300AB6F68 /* Default-iPhone6Plus.png */; };
		50F7E6211DE3919300AB6F68 /* Default.png in Resources */ = {isa = PBXBuildFile; fileRef = 50F7E61C1DE3919300AB6F68 /* Default.png */; };
		50F7E6221DE3919300AB6F68 /* Default@2x.png in Resources */ = {isa = PBXBuildFile; fileRef = 50F7E61D1DE3919300AB6F68 /* Default@2x.png */; };
/* End PBXBuildFile section */

/* Begin PBXFileReference section */
		50143D941DD9FA7D003093FC /* parcspirit.app */ = {isa = PBXFileReference; explicitFileType = wrapper.application; includeInIndex = 0; path = parcspirit.app; sourceTree = BUILT_PRODUCTS_DIR; };
		50143D981DD9FA7D003093FC /* main.m */ = {isa = PBXFileReference; lastKnownFileType = sourcecode.c.objc; path = main.m; sourceTree = "<group>"; };
		50143D9A1DD9FA7D003093FC /* AppDelegate.h */ = {isa = PBXFileReference; lastKnownFileType = sourcecode.c.h; path = AppDelegate.h; sourceTree = "<group>"; };
		50143D9B1DD9FA7D003093FC /* AppDelegate.m */ = {isa = PBXFileReference; lastKnownFileType = sourcecode.c.objc; path = AppDelegate.m; sourceTree = "<group>"; };
		50143D9D1DD9FA7D003093FC /* ViewController.h */ = {isa = PBXFileReference; lastKnownFileType = sourcecode.c.h; path = ViewController.h; sourceTree = "<group>"; };
		50143D9E1DD9FA7D003093FC /* ViewController.m */ = {isa = PBXFileReference; lastKnownFileType = sourcecode.c.objc; path = ViewController.m; sourceTree = "<group>"; };
		50143DA11DD9FA7D003093FC /* Base */ = {isa = PBXFileReference; lastKnownFileType = file.storyboard; name = Base; path = Base.lproj/Main.storyboard; sourceTree = "<group>"; };
		50143DA31DD9FA7D003093FC /* Assets.xcassets */ = {isa = PBXFileReference; lastKnownFileType = folder.assetcatalog; path = Assets.xcassets; sourceTree = "<group>"; };
		50143DA61DD9FA7D003093FC /* Base */ = {isa = PBXFileReference; lastKnownFileType = file.storyboard; name = Base; path = Base.lproj/LaunchScreen.storyboard; sourceTree = "<group>"; };
		50143DA81DD9FA7D003093FC /* Info.plist */ = {isa = PBXFileReference; lastKnownFileType = text.plist.xml; path = Info.plist; sourceTree = "<group>"; };
		50143DAF1DDA031D003093FC /* MapKit.framework */ = {isa = PBXFileReference; lastKnownFileType = wrapper.framework; name = MapKit.framework; path = System/Library/Frameworks/MapKit.framework; sourceTree = SDKROOT; };
		50143DB11DDA039E003093FC /* visual */ = {isa = PBXFileReference; lastKnownFileType = folder; name = visual; path = ../../visual; sourceTree = "<group>"; };
		50143DB41DDA04B3003093FC /* parclist.json */ = {isa = PBXFileReference; fileEncoding = 4; lastKnownFileType = text.json; name = parclist.json; path = ../../parclist.json; sourceTree = "<group>"; };
		50143DB61DDA04E1003093FC /* DataManager.m */ = {isa = PBXFileReference; fileEncoding = 4; lastKnownFileType = sourcecode.c.objc; path = DataManager.m; sourceTree = "<group>"; };
		50143DB81DDA050F003093FC /* DataManager.h */ = {isa = PBXFileReference; lastKnownFileType = sourcecode.c.h; path = DataManager.h; sourceTree = "<group>"; };
		50143DB91DDA1FA6003093FC /* Constant.h */ = {isa = PBXFileReference; lastKnownFileType = sourcecode.c.h; path = Constant.h; sourceTree = "<group>"; };
		50536D6A1DE5F29C00AEC872 /* Spirit_parc_images.json */ = {isa = PBXFileReference; fileEncoding = 4; lastKnownFileType = text.json; name = Spirit_parc_images.json; path = ../../Spirit_parc_images.json; sourceTree = "<group>"; };
		50536D6C1DE5F2A500AEC872 /* Spirit_Images */ = {isa = PBXFileReference; lastKnownFileType = folder; name = Spirit_Images; path = ../../Spirit_Images; sourceTree = "<group>"; };
		50C3BDE11DDB843600BC3682 /* PoiAnnotation.h */ = {isa = PBXFileReference; fileEncoding = 4; lastKnownFileType = sourcecode.c.h; path = PoiAnnotation.h; sourceTree = "<group>"; };
		50C3BDE21DDB843600BC3682 /* PoiAnnotation.m */ = {isa = PBXFileReference; fileEncoding = 4; lastKnownFileType = sourcecode.c.objc; path = PoiAnnotation.m; sourceTree = "<group>"; };
		50C3BDE41DDC97C900BC3682 /* POIDetailViewController.h */ = {isa = PBXFileReference; fileEncoding = 4; lastKnownFileType = sourcecode.c.h; path = POIDetailViewController.h; sourceTree = "<group>"; };
		50C3BDE51DDC97C900BC3682 /* POIDetailViewController.m */ = {isa = PBXFileReference; fileEncoding = 4; lastKnownFileType = sourcecode.c.objc; path = POIDetailViewController.m; sourceTree = "<group>"; };
		50C8AC0C1E044150006FCF08 /* POI.png */ = {isa = PBXFileReference; lastKnownFileType = image.png; path = POI.png; sourceTree = "<group>"; };
		50C8AC0E1E044225006FCF08 /* SpiritAnnotationView.h */ = {isa = PBXFileReference; fileEncoding = 4; lastKnownFileType = sourcecode.c.h; path = SpiritAnnotationView.h; sourceTree = "<group>"; };
		50C8AC0F1E044225006FCF08 /* SpiritAnnotationView.m */ = {isa = PBXFileReference; fileEncoding = 4; lastKnownFileType = sourcecode.c.objc; path = SpiritAnnotationView.m; sourceTree = "<group>"; };
		50D33D6B1DE60FDA0073EE11 /* ParcImages.xcassets */ = {isa = PBXFileReference; lastKnownFileType = folder.assetcatalog; name = ParcImages.xcassets; path = parcspirit/ParcImages.xcassets; sourceTree = "<group>"; };
		50D33D7D1DE663860073EE11 /* Icon-40.png */ = {isa = PBXFileReference; lastKnownFileType = image.png; path = "Icon-40.png"; sourceTree = "<group>"; };
		50D33D7E1DE663860073EE11 /* Icon-60.png */ = {isa = PBXFileReference; lastKnownFileType = image.png; path = "Icon-60.png"; sourceTree = "<group>"; };
		50D33D7F1DE663860073EE11 /* Icon-60@2x.png */ = {isa = PBXFileReference; lastKnownFileType = image.png; path = "Icon-60@2x.png"; sourceTree = "<group>"; };
		50D33D801DE663860073EE11 /* Icon-Small.png */ = {isa = PBXFileReference; lastKnownFileType = image.png; path = "Icon-Small.png"; sourceTree = "<group>"; };
		50D33D811DE663860073EE11 /* Icon.png */ = {isa = PBXFileReference; lastKnownFileType = image.png; path = Icon.png; sourceTree = "<group>"; };
		50D33D821DE663860073EE11 /* Icon@2x.png */ = {isa = PBXFileReference; lastKnownFileType = image.png; path = "Icon@2x.png"; sourceTree = "<group>"; };
		50D33D891DE6648C0073EE11 /* Icon-40.png */ = {isa = PBXFileReference; lastKnownFileType = image.png; path = "Icon-40.png"; sourceTree = "<group>"; };
		50D33D8A1DE6648C0073EE11 /* Icon-60.png */ = {isa = PBXFileReference; lastKnownFileType = image.png; path = "Icon-60.png"; sourceTree = "<group>"; };
		50D33D8B1DE6648C0073EE11 /* Icon-60@2x.png */ = {isa = PBXFileReference; lastKnownFileType = image.png; path = "Icon-60@2x.png"; sourceTree = "<group>"; };
		50D33D8C1DE6648C0073EE11 /* Icon-Small.png */ = {isa = PBXFileReference; lastKnownFileType = image.png; path = "Icon-Small.png"; sourceTree = "<group>"; };
		50D33D8D1DE6648C0073EE11 /* Icon.png */ = {isa = PBXFileReference; lastKnownFileType = image.png; path = Icon.png; sourceTree = "<group>"; };
		50D33D8E1DE6648C0073EE11 /* Icon@2x.png */ = {isa = PBXFileReference; lastKnownFileType = image.png; path = "Icon@2x.png"; sourceTree = "<group>"; };
		50D33D8F1DE666D60073EE11 /* Icon-40@2x.png */ = {isa = PBXFileReference; lastKnownFileType = image.png; path = "Icon-40@2x.png"; sourceTree = "<group>"; };
		50D33D901DE666D60073EE11 /* Icon-Small@2x.png */ = {isa = PBXFileReference; lastKnownFileType = image.png; path = "Icon-Small@2x.png"; sourceTree = "<group>"; };
		50F77D9B1DE2163500F41367 /* RequestManager.h */ = {isa = PBXFileReference; fileEncoding = 4; lastKnownFileType = sourcecode.c.h; path = RequestManager.h; sourceTree = "<group>"; };
		50F77D9C1DE2163500F41367 /* RequestManager.m */ = {isa = PBXFileReference; fileEncoding = 4; lastKnownFileType = sourcecode.c.objc; path = RequestManager.m; sourceTree = "<group>"; };
		50F77D9E1DE220B600F41367 /* InitDataViewController.h */ = {isa = PBXFileReference; fileEncoding = 4; lastKnownFileType = sourcecode.c.h; path = InitDataViewController.h; sourceTree = "<group>"; };
		50F77D9F1DE220B600F41367 /* InitDataViewController.m */ = {isa = PBXFileReference; fileEncoding = 4; lastKnownFileType = sourcecode.c.objc; path = InitDataViewController.m; sourceTree = "<group>"; };
		50F7E6171DE3901A00AB6F68 /* Default-568h@2x.png */ = {isa = PBXFileReference; lastKnownFileType = image.png; path = "Default-568h@2x.png"; sourceTree = SOURCE_ROOT; };
		50F7E61A1DE3919300AB6F68 /* Default-iPhone6.png */ = {isa = PBXFileReference; lastKnownFileType = image.png; path = "Default-iPhone6.png"; sourceTree = SOURCE_ROOT; };
		50F7E61B1DE3919300AB6F68 /* Default-iPhone6Plus.png */ = {isa = PBXFileReference; lastKnownFileType = image.png; path = "Default-iPhone6Plus.png"; sourceTree = SOURCE_ROOT; };
		50F7E61C1DE3919300AB6F68 /* Default.png */ = {isa = PBXFileReference; lastKnownFileType = image.png; path = Default.png; sourceTree = SOURCE_ROOT; };
		50F7E61D1DE3919300AB6F68 /* Default@2x.png */ = {isa = PBXFileReference; lastKnownFileType = image.png; path = "Default@2x.png"; sourceTree = SOURCE_ROOT; };
/* End PBXFileReference section */

/* Begin PBXFrameworksBuildPhase section */
		50143D911DD9FA7D003093FC /* Frameworks */ = {
			isa = PBXFrameworksBuildPhase;
			buildActionMask = 2147483647;
			files = (
				50143DB01DDA031D003093FC /* MapKit.framework in Frameworks */,
			);
			runOnlyForDeploymentPostprocessing = 0;
		};
/* End PBXFrameworksBuildPhase section */

/* Begin PBXGroup section */
		50143D8B1DD9FA7C003093FC = {
			isa = PBXGroup;
			children = (
				50D33D8F1DE666D60073EE11 /* Icon-40@2x.png */,
				50D33D901DE666D60073EE11 /* Icon-Small@2x.png */,
				50D33D891DE6648C0073EE11 /* Icon-40.png */,
				50D33D8A1DE6648C0073EE11 /* Icon-60.png */,
				50D33D8B1DE6648C0073EE11 /* Icon-60@2x.png */,
				50D33D8C1DE6648C0073EE11 /* Icon-Small.png */,
				50D33D8D1DE6648C0073EE11 /* Icon.png */,
				50D33D8E1DE6648C0073EE11 /* Icon@2x.png */,
				50D33D7D1DE663860073EE11 /* Icon-40.png */,
				50D33D7E1DE663860073EE11 /* Icon-60.png */,
				50D33D7F1DE663860073EE11 /* Icon-60@2x.png */,
				50D33D801DE663860073EE11 /* Icon-Small.png */,
				50D33D811DE663860073EE11 /* Icon.png */,
				50D33D821DE663860073EE11 /* Icon@2x.png */,
				50D33D6B1DE60FDA0073EE11 /* ParcImages.xcassets */,
				50143D961DD9FA7D003093FC /* parcspirit */,
				50143D951DD9FA7D003093FC /* Products */,
				50143DAE1DDA031D003093FC /* Frameworks */,
			);
			sourceTree = "<group>";
		};
		50143D951DD9FA7D003093FC /* Products */ = {
			isa = PBXGroup;
			children = (
				50143D941DD9FA7D003093FC /* parcspirit.app */,
			);
			name = Products;
			sourceTree = "<group>";
		};
		50143D961DD9FA7D003093FC /* parcspirit */ = {
			isa = PBXGroup;
			children = (
				50C8AC0C1E044150006FCF08 /* POI.png */,
				50536D6C1DE5F2A500AEC872 /* Spirit_Images */,
				50536D6A1DE5F29C00AEC872 /* Spirit_parc_images.json */,
				50F7E61A1DE3919300AB6F68 /* Default-iPhone6.png */,
				50F7E61B1DE3919300AB6F68 /* Default-iPhone6Plus.png */,
				50F7E61C1DE3919300AB6F68 /* Default.png */,
				50F7E61D1DE3919300AB6F68 /* Default@2x.png */,
				50F7E6171DE3901A00AB6F68 /* Default-568h@2x.png */,
				50143DB31DDA0481003093FC /* DataManagement */,
				50143D9A1DD9FA7D003093FC /* AppDelegate.h */,
				50143D9B1DD9FA7D003093FC /* AppDelegate.m */,
				50143D9D1DD9FA7D003093FC /* ViewController.h */,
				50143D9E1DD9FA7D003093FC /* ViewController.m */,
				50143DA01DD9FA7D003093FC /* Main.storyboard */,
				50143DA31DD9FA7D003093FC /* Assets.xcassets */,
				50143DA51DD9FA7D003093FC /* LaunchScreen.storyboard */,
				50143DA81DD9FA7D003093FC /* Info.plist */,
				50143DB11DDA039E003093FC /* visual */,
				50143D971DD9FA7D003093FC /* Supporting Files */,
				50143DB91DDA1FA6003093FC /* Constant.h */,
				50C3BDE11DDB843600BC3682 /* PoiAnnotation.h */,
				50C3BDE21DDB843600BC3682 /* PoiAnnotation.m */,
				50C3BDE41DDC97C900BC3682 /* POIDetailViewController.h */,
				50C3BDE51DDC97C900BC3682 /* POIDetailViewController.m */,
				50F77D9E1DE220B600F41367 /* InitDataViewController.h */,
				50F77D9F1DE220B600F41367 /* InitDataViewController.m */,
				50C8AC0E1E044225006FCF08 /* SpiritAnnotationView.h */,
				50C8AC0F1E044225006FCF08 /* SpiritAnnotationView.m */,
			);
			path = parcspirit;
			sourceTree = "<group>";
		};
		50143D971DD9FA7D003093FC /* Supporting Files */ = {
			isa = PBXGroup;
			children = (
				50143D981DD9FA7D003093FC /* main.m */,
			);
			name = "Supporting Files";
			sourceTree = "<group>";
		};
		50143DAE1DDA031D003093FC /* Frameworks */ = {
			isa = PBXGroup;
			children = (
				50143DAF1DDA031D003093FC /* MapKit.framework */,
			);
			name = Frameworks;
			sourceTree = "<group>";
		};
		50143DB31DDA0481003093FC /* DataManagement */ = {
			isa = PBXGroup;
			children = (
				50143DB41DDA04B3003093FC /* parclist.json */,
				50143DB81DDA050F003093FC /* DataManager.h */,
				50143DB61DDA04E1003093FC /* DataManager.m */,
				50F77D9B1DE2163500F41367 /* RequestManager.h */,
				50F77D9C1DE2163500F41367 /* RequestManager.m */,
			);
			name = DataManagement;
			sourceTree = "<group>";
		};
/* End PBXGroup section */

/* Begin PBXNativeTarget section */
		50143D931DD9FA7D003093FC /* parcspirit */ = {
			isa = PBXNativeTarget;
			buildConfigurationList = 50143DAB1DD9FA7D003093FC /* Build configuration list for PBXNativeTarget "parcspirit" */;
			buildPhases = (
				50143D901DD9FA7D003093FC /* Sources */,
				50143D911DD9FA7D003093FC /* Frameworks */,
				50143D921DD9FA7D003093FC /* Resources */,
			);
			buildRules = (
			);
			dependencies = (
			);
			name = parcspirit;
			productName = parcspirit;
			productReference = 50143D941DD9FA7D003093FC /* parcspirit.app */;
			productType = "com.apple.product-type.application";
		};
/* End PBXNativeTarget section */

/* Begin PBXProject section */
		50143D8C1DD9FA7C003093FC /* Project object */ = {
			isa = PBXProject;
			attributes = {
				LastUpgradeCheck = 0810;
				ORGANIZATIONNAME = Max;
				TargetAttributes = {
					50143D931DD9FA7D003093FC = {
						CreatedOnToolsVersion = 8.1;
						DevelopmentTeam = NV6F6RZ362;
						ProvisioningStyle = Automatic;
					};
				};
			};
			buildConfigurationList = 50143D8F1DD9FA7C003093FC /* Build configuration list for PBXProject "parcspirit" */;
			compatibilityVersion = "Xcode 3.2";
			developmentRegion = English;
			hasScannedForEncodings = 0;
			knownRegions = (
				en,
				Base,
			);
			mainGroup = 50143D8B1DD9FA7C003093FC;
			productRefGroup = 50143D951DD9FA7D003093FC /* Products */;
			projectDirPath = "";
			projectRoot = "";
			targets = (
				50143D931DD9FA7D003093FC /* parcspirit */,
			);
		};
/* End PBXProject section */

/* Begin PBXResourcesBuildPhase section */
		50143D921DD9FA7D003093FC /* Resources */ = {
			isa = PBXResourcesBuildPhase;
			buildActionMask = 2147483647;
			files = (
				50D33D831DE663860073EE11 /* Icon-40.png in Resources */,
				50D33D841DE663860073EE11 /* Icon-60.png in Resources */,
				50D33D851DE663860073EE11 /* Icon-60@2x.png in Resources */,
				50D33D861DE663860073EE11 /* Icon-Small.png in Resources */,
				50D33D871DE663860073EE11 /* Icon.png in Resources */,
				50D33D881DE663860073EE11 /* Icon@2x.png in Resources */,
				50D33D921DE666D60073EE11 /* Icon-Small@2x.png in Resources */,
				50536D6D1DE5F2A500AEC872 /* Spirit_Images in Resources */,
				50143DA71DD9FA7D003093FC /* LaunchScreen.storyboard in Resources */,
				50F7E6201DE3919300AB6F68 /* Default-iPhone6Plus.png in Resources */,
				50C8AC0D1E044150006FCF08 /* POI.png in Resources */,
				50D33D911DE666D60073EE11 /* Icon-40@2x.png in Resources */,
				50F7E61F1DE3919300AB6F68 /* Default-iPhone6.png in Resources */,
				50143DA41DD9FA7D003093FC /* Assets.xcassets in Resources */,
				50143DB51DDA04B3003093FC /* parclist.json in Resources */,
				50F7E6221DE3919300AB6F68 /* Default@2x.png in Resources */,
				50143DB21DDA039E003093FC /* visual in Resources */,
				50143DA21DD9FA7D003093FC /* Main.storyboard in Resources */,
				50D33D6C1DE60FDA0073EE11 /* ParcImages.xcassets in Resources */,
				50F7E6181DE3901A00AB6F68 /* Default-568h@2x.png in Resources */,
				50536D6B1DE5F29C00AEC872 /* Spirit_parc_images.json in Resources */,
				50F7E6211DE3919300AB6F68 /* Default.png in Resources */,
			);
			runOnlyForDeploymentPostprocessing = 0;
		};
/* End PBXResourcesBuildPhase section */

/* Begin PBXSourcesBuildPhase section */
		50143D901DD9FA7D003093FC /* Sources */ = {
			isa = PBXSourcesBuildPhase;
			buildActionMask = 2147483647;
			files = (
				50F77DA01DE220B600F41367 /* InitDataViewController.m in Sources */,
				50C3BDE61DDC97C900BC3682 /* POIDetailViewController.m in Sources */,
				50C8AC101E044225006FCF08 /* SpiritAnnotationView.m in Sources */,
				50143D9F1DD9FA7D003093FC /* ViewController.m in Sources */,
				50143DB71DDA04E1003093FC /* DataManager.m in Sources */,
				50F77D9D1DE2163500F41367 /* RequestManager.m in Sources */,
				50C3BDE31DDB843600BC3682 /* PoiAnnotation.m in Sources */,
				50143D9C1DD9FA7D003093FC /* AppDelegate.m in Sources */,
				50143D991DD9FA7D003093FC /* main.m in Sources */,
			);
			runOnlyForDeploymentPostprocessing = 0;
		};
/* End PBXSourcesBuildPhase section */

/* Begin PBXVariantGroup section */
		50143DA01DD9FA7D003093FC /* Main.storyboard */ = {
			isa = PBXVariantGroup;
			children = (
				50143DA11DD9FA7D003093FC /* Base */,
			);
			name = Main.storyboard;
			sourceTree = "<group>";
		};
		50143DA51DD9FA7D003093FC /* LaunchScreen.storyboard */ = {
			isa = PBXVariantGroup;
			children = (
				50143DA61DD9FA7D003093FC /* Base */,
			);
			name = LaunchScreen.storyboard;
			sourceTree = "<group>";
		};
/* End PBXVariantGroup section */

/* Begin XCBuildConfiguration section */
		50143DA91DD9FA7D003093FC /* Debug */ = {
			isa = XCBuildConfiguration;
			buildSettings = {
				ALWAYS_SEARCH_USER_PATHS = NO;
				CLANG_ANALYZER_NONNULL = YES;
				CLANG_CXX_LANGUAGE_STANDARD = "gnu++0x";
				CLANG_CXX_LIBRARY = "libc++";
				CLANG_ENABLE_MODULES = YES;
				CLANG_ENABLE_OBJC_ARC = YES;
				CLANG_WARN_BOOL_CONVERSION = YES;
				CLANG_WARN_CONSTANT_CONVERSION = YES;
				CLANG_WARN_DIRECT_OBJC_ISA_USAGE = YES_ERROR;
				CLANG_WARN_DOCUMENTATION_COMMENTS = YES;
				CLANG_WARN_EMPTY_BODY = YES;
				CLANG_WARN_ENUM_CONVERSION = YES;
				CLANG_WARN_INFINITE_RECURSION = YES;
				CLANG_WARN_INT_CONVERSION = YES;
				CLANG_WARN_OBJC_ROOT_CLASS = YES_ERROR;
				CLANG_WARN_SUSPICIOUS_MOVES = YES;
				CLANG_WARN_UNREACHABLE_CODE = YES;
				CLANG_WARN__DUPLICATE_METHOD_MATCH = YES;
				"CODE_SIGN_IDENTITY[sdk=iphoneos*]" = "iPhone Developer";
				COPY_PHASE_STRIP = NO;
				DEBUG_INFORMATION_FORMAT = dwarf;
				DEVELOPMENT_TEAM = NV6F6RZ362;
				ENABLE_STRICT_OBJC_MSGSEND = YES;
				ENABLE_TESTABILITY = YES;
				GCC_C_LANGUAGE_STANDARD = gnu99;
				GCC_DYNAMIC_NO_PIC = NO;
				GCC_NO_COMMON_BLOCKS = YES;
				GCC_OPTIMIZATION_LEVEL = 0;
				GCC_PREPROCESSOR_DEFINITIONS = (
					"DEBUG=1",
					"$(inherited)",
				);
				GCC_WARN_64_TO_32_BIT_CONVERSION = YES;
				GCC_WARN_ABOUT_RETURN_TYPE = YES_ERROR;
				GCC_WARN_UNDECLARED_SELECTOR = YES;
				GCC_WARN_UNINITIALIZED_AUTOS = YES_AGGRESSIVE;
				GCC_WARN_UNUSED_FUNCTION = YES;
				GCC_WARN_UNUSED_VARIABLE = YES;
				IPHONEOS_DEPLOYMENT_TARGET = 8.0;
				MTL_ENABLE_DEBUG_INFO = YES;
				ONLY_ACTIVE_ARCH = YES;
				SDKROOT = iphoneos;
			};
			name = Debug;
		};
		50143DAA1DD9FA7D003093FC /* Release */ = {
			isa = XCBuildConfiguration;
			buildSettings = {
				ALWAYS_SEARCH_USER_PATHS = NO;
				CLANG_ANALYZER_NONNULL = YES;
				CLANG_CXX_LANGUAGE_STANDARD = "gnu++0x";
				CLANG_CXX_LIBRARY = "libc++";
				CLANG_ENABLE_MODULES = YES;
				CLANG_ENABLE_OBJC_ARC = YES;
				CLANG_WARN_BOOL_CONVERSION = YES;
				CLANG_WARN_CONSTANT_CONVERSION = YES;
				CLANG_WARN_DIRECT_OBJC_ISA_USAGE = YES_ERROR;
				CLANG_WARN_DOCUMENTATION_COMMENTS = YES;
				CLANG_WARN_EMPTY_BODY = YES;
				CLANG_WARN_ENUM_CONVERSION = YES;
				CLANG_WARN_INFINITE_RECURSION = YES;
				CLANG_WARN_INT_CONVERSION = YES;
				CLANG_WARN_OBJC_ROOT_CLASS = YES_ERROR;
				CLANG_WARN_SUSPICIOUS_MOVES = YES;
				CLANG_WARN_UNREACHABLE_CODE = YES;
				CLANG_WARN__DUPLICATE_METHOD_MATCH = YES;
				"CODE_SIGN_IDENTITY[sdk=iphoneos*]" = "iPhone Developer";
				COPY_PHASE_STRIP = NO;
				DEBUG_INFORMATION_FORMAT = "dwarf-with-dsym";
				DEVELOPMENT_TEAM = NV6F6RZ362;
				ENABLE_NS_ASSERTIONS = NO;
				ENABLE_STRICT_OBJC_MSGSEND = YES;
				GCC_C_LANGUAGE_STANDARD = gnu99;
				GCC_NO_COMMON_BLOCKS = YES;
				GCC_WARN_64_TO_32_BIT_CONVERSION = YES;
				GCC_WARN_ABOUT_RETURN_TYPE = YES_ERROR;
				GCC_WARN_UNDECLARED_SELECTOR = YES;
				GCC_WARN_UNINITIALIZED_AUTOS = YES_AGGRESSIVE;
				GCC_WARN_UNUSED_FUNCTION = YES;
				GCC_WARN_UNUSED_VARIABLE = YES;
				IPHONEOS_DEPLOYMENT_TARGET = 8.0;
				MTL_ENABLE_DEBUG_INFO = NO;
				SDKROOT = iphoneos;
				VALIDATE_PRODUCT = YES;
			};
			name = Release;
		};
		50143DAC1DD9FA7D003093FC /* Debug */ = {
			isa = XCBuildConfiguration;
			buildSettings = {
				ASSETCATALOG_COMPILER_LAUNCHIMAGE_NAME = LaunchImage;
				DEVELOPMENT_TEAM = NV6F6RZ362;
				INFOPLIST_FILE = parcspirit/Info.plist;
				IPHONEOS_DEPLOYMENT_TARGET = 8.0;
				LD_RUNPATH_SEARCH_PATHS = "$(inherited) @executable_path/Frameworks";
				PRODUCT_BUNDLE_IDENTIFIER = fr.sprit.parcspirit;
				PRODUCT_NAME = "$(TARGET_NAME)";
			};
			name = Debug;
		};
		50143DAD1DD9FA7D003093FC /* Release */ = {
			isa = XCBuildConfiguration;
			buildSettings = {
				ASSETCATALOG_COMPILER_LAUNCHIMAGE_NAME = LaunchImage;
				DEVELOPMENT_TEAM = NV6F6RZ362;
				INFOPLIST_FILE = parcspirit/Info.plist;
				IPHONEOS_DEPLOYMENT_TARGET = 8.0;
				LD_RUNPATH_SEARCH_PATHS = "$(inherited) @executable_path/Frameworks";
				PRODUCT_BUNDLE_IDENTIFIER = fr.sprit.parcspirit;
				PRODUCT_NAME = "$(TARGET_NAME)";
			};
			name = Release;
		};
		50D33D6D1DE64B780073EE11 /* AppStore */ = {
			isa = XCBuildConfiguration;
			buildSettings = {
				ALWAYS_SEARCH_USER_PATHS = NO;
				CLANG_ANALYZER_NONNULL = YES;
				CLANG_CXX_LANGUAGE_STANDARD = "gnu++0x";
				CLANG_CXX_LIBRARY = "libc++";
				CLANG_ENABLE_MODULES = YES;
				CLANG_ENABLE_OBJC_ARC = YES;
				CLANG_WARN_BOOL_CONVERSION = YES;
				CLANG_WARN_CONSTANT_CONVERSION = YES;
				CLANG_WARN_DIRECT_OBJC_ISA_USAGE = YES_ERROR;
				CLANG_WARN_DOCUMENTATION_COMMENTS = YES;
				CLANG_WARN_EMPTY_BODY = YES;
				CLANG_WARN_ENUM_CONVERSION = YES;
				CLANG_WARN_INFINITE_RECURSION = YES;
				CLANG_WARN_INT_CONVERSION = YES;
				CLANG_WARN_OBJC_ROOT_CLASS = YES_ERROR;
				CLANG_WARN_SUSPICIOUS_MOVES = YES;
				CLANG_WARN_UNREACHABLE_CODE = YES;
				CLANG_WARN__DUPLICATE_METHOD_MATCH = YES;
				CODE_SIGN_IDENTITY = "iPhone Distribution";
				"CODE_SIGN_IDENTITY[sdk=iphoneos*]" = "iPhone Distribution";
				COPY_PHASE_STRIP = NO;
				DEBUG_INFORMATION_FORMAT = "dwarf-with-dsym";
				DEVELOPMENT_TEAM = NV6F6RZ362;
				ENABLE_NS_ASSERTIONS = NO;
				ENABLE_STRICT_OBJC_MSGSEND = YES;
				GCC_C_LANGUAGE_STANDARD = gnu99;
				GCC_NO_COMMON_BLOCKS = YES;
				GCC_WARN_64_TO_32_BIT_CONVERSION = YES;
				GCC_WARN_ABOUT_RETURN_TYPE = YES_ERROR;
				GCC_WARN_UNDECLARED_SELECTOR = YES;
				GCC_WARN_UNINITIALIZED_AUTOS = YES_AGGRESSIVE;
				GCC_WARN_UNUSED_FUNCTION = YES;
				GCC_WARN_UNUSED_VARIABLE = YES;
				IPHONEOS_DEPLOYMENT_TARGET = 8.0;
				MTL_ENABLE_DEBUG_INFO = NO;
				SDKROOT = iphoneos;
				VALIDATE_PRODUCT = YES;
			};
			name = AppStore;
		};
		50D33D6E1DE64B780073EE11 /* AppStore */ = {
			isa = XCBuildConfiguration;
			buildSettings = {
				ASSETCATALOG_COMPILER_LAUNCHIMAGE_NAME = LaunchImage;
				DEVELOPMENT_TEAM = NV6F6RZ362;
				INFOPLIST_FILE = parcspirit/Info.plist;
				IPHONEOS_DEPLOYMENT_TARGET = 8.0;
				LD_RUNPATH_SEARCH_PATHS = "$(inherited) @executable_path/Frameworks";
				PRODUCT_BUNDLE_IDENTIFIER = fr.sprit.parcspirit;
				PRODUCT_NAME = "$(TARGET_NAME)";
			};
			name = AppStore;
		};
/* End XCBuildConfiguration section */

/* Begin XCConfigurationList section */
		50143D8F1DD9FA7C003093FC /* Build configuration list for PBXProject "parcspirit" */ = {
			isa = XCConfigurationList;
			buildConfigurations = (
				50143DA91DD9FA7D003093FC /* Debug */,
				50143DAA1DD9FA7D003093FC /* Release */,
				50D33D6D1DE64B780073EE11 /* AppStore */,
			);
			defaultConfigurationIsVisible = 0;
			defaultConfigurationName = AppStore;
		};
		50143DAB1DD9FA7D003093FC /* Build configuration list for PBXNativeTarget "parcspirit" */ = {
			isa = XCConfigurationList;
			buildConfigurations = (
				50143DAC1DD9FA7D003093FC /* Debug */,
				50143DAD1DD9FA7D003093FC /* Release */,
				50D33D6E1DE64B780073EE11 /* AppStore */,
			);
			defaultConfigurationIsVisible = 0;
			defaultConfigurationName = AppStore;
		};
/* End XCConfigurationList section */
	};
	rootObject = 50143D8C1DD9FA7C003093FC /* Project object */;
}
